<?xml version="1.0" encoding="utf-8"?>
<Project ToolsVersion="16.0" xmlns="http://schemas.microsoft.com/developer/msbuild/2003">
  <ItemGroup>
    <CustomBuild Include="D:\game_Engine\OgreBullet_test\VC\build\CMakeFiles\88dc6301b32df8a43d059593090c1682\generate.stamp.rule">
      <Filter>CMake Rules</Filter>
    </CustomBuild>
  </ItemGroup>
  <ItemGroup>
    <Filter Include="CMake Rules">
      <UniqueIdentifier>{4DFE9CEF-7AA3-3873-9FB2-3A731DDBFEFE}</UniqueIdentifier>
    </Filter>
  </ItemGroup>
</Project>
